
Microsoft Visual Studio Solution File, Format Version 12.00
# Visual Studio Version 16
VisualStudioVersion = 16.0.31424.327
MinimumVisualStudioVersion = 10.0.40219.1
Project("{FAE04EC0-301F-11D3-BF4B-00C04F79EFBC}") = "SimpleClassicTheme.Common", "SimpleClassicTheme.Common\SimpleClassicTheme.Common.csproj", "{C5DFA837-5982-4D17-B4F7-23E52B919F2C}"
EndProject
Project("{FAE04EC0-301F-11D3-BF4B-00C04F79EFBC}") = "SimpleClassicTheme.Common.Example", "SimpleClassicTheme.Common.Example\SimpleClassicTheme.Common.Example.csproj", "{FBBCA02F-AC33-424D-B2E1-FD43A28FEAC1}"
EndProject
Global
	GlobalSection(SolutionConfigurationPlatforms) = preSolution
		Debug|Any CPU = Debug|Any CPU
		Release|Any CPU = Release|Any CPU
	EndGlobalSection
	GlobalSection(ProjectConfigurationPlatforms) = postSolution
		{C5DFA837-5982-4D17-B4F7-23E52B919F2C}.Debug|Any CPU.ActiveCfg = Debug|Any CPU
		{C5DFA837-5982-4D17-B4F7-23E52B919F2C}.Debug|Any CPU.Build.0 = Debug|Any CPU
		{C5DFA837-5982-4D17-B4F7-23E52B919F2C}.Release|Any CPU.ActiveCfg = Release|Any CPU
		{C5DFA837-5982-4D17-B4F7-23E52B919F2C}.Release|Any CPU.Build.0 = Release|Any CPU
		{FBBCA02F-AC33-424D-B2E1-FD43A28FEAC1}.Debug|Any CPU.ActiveCfg = Debug|Any CPU
		{FBBCA02F-AC33-424D-B2E1-FD43A28FEAC1}.Debug|Any CPU.Build.0 = Debug|Any CPU
		{FBBCA02F-AC33-424D-B2E1-FD43A28FEAC1}.Release|Any CPU.ActiveCfg = Release|Any CPU
		{FBBCA02F-AC33-424D-B2E1-FD43A28FEAC1}.Release|Any CPU.Build.0 = Release|Any CPU
	EndGlobalSection
	GlobalSection(SolutionProperties) = preSolution
		HideSolutionNode = FALSE
	EndGlobalSection
	GlobalSection(ExtensibilityGlobals) = postSolution
		SolutionGuid = {4BDD789A-160E-45B5-A632-6F54FE9BA7CD}
	EndGlobalSection
EndGlobal
